{
  "name": "handbookapi",
  "version": "1.0.3",
  "lockfileVersion": 2,
  "requires": true,
  "packages": {
    "": {
      "name": "handbookapi",
      "version": "1.0.3",
      "license": "MIT",
      "devDependencies": {
        "swagger-ui-dist": "^5.3.1"
      }
    },
    "node_modules/swagger-ui-dist": {
      "version": "5.3.1",
      "resolved": "https://registry.npmjs.org/swagger-ui-dist/-/swagger-ui-dist-5.3.1.tgz",
      "integrity": "sha512-El78OvXp9zMasfPrshtkW1CRx8AugAKoZuGGOTW+8llJzOV1RtDJYqQRz/6+2OakjeWWnZuRlN2Qj1Y0ilux3w==",
      "dev": true
    }
  },
  "dependencies": {
    "swagger-ui-dist": {
      "version": "5.3.1",
      "resolved": "https://registry.npmjs.org/swagger-ui-dist/-/swagger-ui-dist-5.3.1.tgz",
      "integrity": "sha512-El78OvXp9zMasfPrshtkW1CRx8AugAKoZuGGOTW+8llJzOV1RtDJYqQRz/6+2OakjeWWnZuRlN2Qj1Y0ilux3w==",
      "dev": true
    }
  }
}
