{
  "name": "handbookapi",
  "version": "1.0.3",
  "lockfileVersion": 2,
  "requires": true,
  "packages": {
    "": {
      "name": "handbookapi",
      "version": "1.0.3",
      "license": "MIT",
      "devDependencies": {
        "swagger-ui-dist": "^5.7.1"
      }
    },
    "node_modules/swagger-ui-dist": {
      "version": "5.7.1",
      "resolved": "https://registry.npmjs.org/swagger-ui-dist/-/swagger-ui-dist-5.7.1.tgz",
      "integrity": "sha512-mY+htL+asLQTrwbCOcbzOtgch2TA5A4IqMleEtVleegFAIgzd2w0jyY2IvA8upDOR/AmftudyiI1/h+VBPIc7A==",
      "dev": true
    }
  },
  "dependencies": {
    "swagger-ui-dist": {
      "version": "5.7.1",
      "resolved": "https://registry.npmjs.org/swagger-ui-dist/-/swagger-ui-dist-5.7.1.tgz",
      "integrity": "sha512-mY+htL+asLQTrwbCOcbzOtgch2TA5A4IqMleEtVleegFAIgzd2w0jyY2IvA8upDOR/AmftudyiI1/h+VBPIc7A==",
      "dev": true
    }
  }
}
