{
  "name": "handbookapi",
  "version": "1.0.3",
  "lockfileVersion": 2,
  "requires": true,
  "packages": {
    "": {
      "name": "handbookapi",
      "version": "1.0.3",
      "license": "MIT",
      "devDependencies": {
        "swagger-ui-dist": "^5.3.2"
      }
    },
    "node_modules/swagger-ui-dist": {
      "version": "5.3.2",
      "resolved": "https://registry.npmjs.org/swagger-ui-dist/-/swagger-ui-dist-5.3.2.tgz",
      "integrity": "sha512-NZ8YDKqf58+bWbD3v1NnF9QCveqtovT8e/4fJoc/ZgafJdFSqVEYiXM+OnS6rg9Yrb8z6bwpJ4H6hLk7mMs36Q==",
      "dev": true
    }
  },
  "dependencies": {
    "swagger-ui-dist": {
      "version": "5.3.2",
      "resolved": "https://registry.npmjs.org/swagger-ui-dist/-/swagger-ui-dist-5.3.2.tgz",
      "integrity": "sha512-NZ8YDKqf58+bWbD3v1NnF9QCveqtovT8e/4fJoc/ZgafJdFSqVEYiXM+OnS6rg9Yrb8z6bwpJ4H6hLk7mMs36Q==",
      "dev": true
    }
  }
}
